
Microsoft Visual Studio Solution File, Format Version 12.00
# Visual Studio 15
VisualStudioVersion = 15.0.28307.106
MinimumVisualStudioVersion = 10.0.40219.1
Project("{9A19103F-16F7-4668-BE54-9A1E7A4F7556}") = "MyAPP", "MyAPP\MyAPP.csproj", "{B7BA39CC-451B-45D5-B1A3-C0E966B2C85D}"
EndProject
Global
	GlobalSection(SolutionConfigurationPlatforms) = preSolution
		Debug|Any CPU = Debug|Any CPU
		Release|Any CPU = Release|Any CPU
	EndGlobalSection
	GlobalSection(ProjectConfigurationPlatforms) = postSolution
		{B7BA39CC-451B-45D5-B1A3-C0E966B2C85D}.Debug|Any CPU.ActiveCfg = Debug|Any CPU
		{B7BA39CC-451B-45D5-B1A3-C0E966B2C85D}.Debug|Any CPU.Build.0 = Debug|Any CPU
		{B7BA39CC-451B-45D5-B1A3-C0E966B2C85D}.Release|Any CPU.ActiveCfg = Release|Any CPU
		{B7BA39CC-451B-45D5-B1A3-C0E966B2C85D}.Release|Any CPU.Build.0 = Release|Any CPU
	EndGlobalSection
	GlobalSection(SolutionProperties) = preSolution
		HideSolutionNode = FALSE
	EndGlobalSection
	GlobalSection(ExtensibilityGlobals) = postSolution
		SolutionGuid = {35E241EB-6D97-4E64-8E62-2BED8DD2435F}
	EndGlobalSection
EndGlobal
